
Microsoft Visual Studio Solution File, Format Version 12.00
# Visual Studio 15
VisualStudioVersion = 15.0.28307.136
MinimumVisualStudioVersion = 10.0.40219.1
Project("{8BC9CEB8-8B4A-11D0-8D11-00A0C91BC942}") = "Laba10", "Laba10\Laba10.vcxproj", "{A8434B6B-E634-40E7-B651-DADD0D4E13EF}"
EndProject
Global
	GlobalSection(SolutionConfigurationPlatforms) = preSolution
		Debug|x64 = Debug|x64
		Debug|x86 = Debug|x86
		Release|x64 = Release|x64
		Release|x86 = Release|x86
	EndGlobalSection
	GlobalSection(ProjectConfigurationPlatforms) = postSolution
		{A8434B6B-E634-40E7-B651-DADD0D4E13EF}.Debug|x64.ActiveCfg = Debug|x64
		{A8434B6B-E634-40E7-B651-DADD0D4E13EF}.Debug|x64.Build.0 = Debug|x64
		{A8434B6B-E634-40E7-B651-DADD0D4E13EF}.Debug|x86.ActiveCfg = Debug|Win32
		{A8434B6B-E634-40E7-B651-DADD0D4E13EF}.Debug|x86.Build.0 = Debug|Win32
		{A8434B6B-E634-40E7-B651-DADD0D4E13EF}.Release|x64.ActiveCfg = Release|x64
		{A8434B6B-E634-40E7-B651-DADD0D4E13EF}.Release|x64.Build.0 = Release|x64
		{A8434B6B-E634-40E7-B651-DADD0D4E13EF}.Release|x86.ActiveCfg = Release|Win32
		{A8434B6B-E634-40E7-B651-DADD0D4E13EF}.Release|x86.Build.0 = Release|Win32
	EndGlobalSection
	GlobalSection(SolutionProperties) = preSolution
		HideSolutionNode = FALSE
	EndGlobalSection
	GlobalSection(ExtensibilityGlobals) = postSolution
		SolutionGuid = {68088C63-6312-4DD0-98B9-F516CB698F24}
	EndGlobalSection
EndGlobal
