
Microsoft Visual Studio Solution File, Format Version 12.00
# Visual Studio 15
VisualStudioVersion = 15.0.28010.2048
MinimumVisualStudioVersion = 10.0.40219.1
Project("{8BC9CEB8-8B4A-11D0-8D11-00A0C91BC942}") = "Laba8", "Laba8\Laba8.vcxproj", "{606F2ED1-9ACF-43F1-B73D-752ABA64FBAE}"
EndProject
Global
	GlobalSection(SolutionConfigurationPlatforms) = preSolution
		Debug|x64 = Debug|x64
		Debug|x86 = Debug|x86
		Release|x64 = Release|x64
		Release|x86 = Release|x86
	EndGlobalSection
	GlobalSection(ProjectConfigurationPlatforms) = postSolution
		{606F2ED1-9ACF-43F1-B73D-752ABA64FBAE}.Debug|x64.ActiveCfg = Debug|x64
		{606F2ED1-9ACF-43F1-B73D-752ABA64FBAE}.Debug|x64.Build.0 = Debug|x64
		{606F2ED1-9ACF-43F1-B73D-752ABA64FBAE}.Debug|x86.ActiveCfg = Debug|Win32
		{606F2ED1-9ACF-43F1-B73D-752ABA64FBAE}.Debug|x86.Build.0 = Debug|Win32
		{606F2ED1-9ACF-43F1-B73D-752ABA64FBAE}.Release|x64.ActiveCfg = Release|x64
		{606F2ED1-9ACF-43F1-B73D-752ABA64FBAE}.Release|x64.Build.0 = Release|x64
		{606F2ED1-9ACF-43F1-B73D-752ABA64FBAE}.Release|x86.ActiveCfg = Release|Win32
		{606F2ED1-9ACF-43F1-B73D-752ABA64FBAE}.Release|x86.Build.0 = Release|Win32
	EndGlobalSection
	GlobalSection(SolutionProperties) = preSolution
		HideSolutionNode = FALSE
	EndGlobalSection
	GlobalSection(ExtensibilityGlobals) = postSolution
		SolutionGuid = {FFC8669B-541E-44B6-964F-48F0CBA32563}
	EndGlobalSection
EndGlobal
