
Microsoft Visual Studio Solution File, Format Version 12.00
# Visual Studio 15
VisualStudioVersion = 15.0.28010.2003
MinimumVisualStudioVersion = 10.0.40219.1
Project("{8BC9CEB8-8B4A-11D0-8D11-00A0C91BC942}") = "Laba1", "Laba1\Laba1.vcxproj", "{422F32DD-9E25-424E-B4DE-07C70B7269FA}"
EndProject
Global
	GlobalSection(SolutionConfigurationPlatforms) = preSolution
		Debug|x64 = Debug|x64
		Debug|x86 = Debug|x86
		Release|x64 = Release|x64
		Release|x86 = Release|x86
	EndGlobalSection
	GlobalSection(ProjectConfigurationPlatforms) = postSolution
		{422F32DD-9E25-424E-B4DE-07C70B7269FA}.Debug|x64.ActiveCfg = Debug|x64
		{422F32DD-9E25-424E-B4DE-07C70B7269FA}.Debug|x64.Build.0 = Debug|x64
		{422F32DD-9E25-424E-B4DE-07C70B7269FA}.Debug|x86.ActiveCfg = Debug|Win32
		{422F32DD-9E25-424E-B4DE-07C70B7269FA}.Debug|x86.Build.0 = Debug|Win32
		{422F32DD-9E25-424E-B4DE-07C70B7269FA}.Release|x64.ActiveCfg = Release|x64
		{422F32DD-9E25-424E-B4DE-07C70B7269FA}.Release|x64.Build.0 = Release|x64
		{422F32DD-9E25-424E-B4DE-07C70B7269FA}.Release|x86.ActiveCfg = Release|Win32
		{422F32DD-9E25-424E-B4DE-07C70B7269FA}.Release|x86.Build.0 = Release|Win32
	EndGlobalSection
	GlobalSection(SolutionProperties) = preSolution
		HideSolutionNode = FALSE
	EndGlobalSection
	GlobalSection(ExtensibilityGlobals) = postSolution
		SolutionGuid = {74D9C073-C473-441F-8560-B1BAAC156B97}
	EndGlobalSection
EndGlobal
